
Microsoft Visual Studio Solution File, Format Version 12.00
# Visual Studio Version 17
VisualStudioVersion = 17.4.33122.133
MinimumVisualStudioVersion = 10.0.40219.1
Project("{9A19103F-16F7-4668-BE54-9A1E7A4F7556}") = "HtmlGenerator", "HtmlGenerator.csproj", "{4F8FCA34-B385-4C23-8DD0-1745803001BE}"
EndProject
Project("{2150E333-8FDC-42A3-9474-1A3956D46DE8}") = "Solution Items", "Solution Items", "{E0E0DE85-8F99-451B-91CE-7FF310B3BAA5}"
	ProjectSection(SolutionItems) = preProject
		.editorconfig = .editorconfig
	EndProjectSection
EndProject
Global
	GlobalSection(SolutionConfigurationPlatforms) = preSolution
		Debug|Any CPU = Debug|Any CPU
		Release|Any CPU = Release|Any CPU
	EndGlobalSection
	GlobalSection(ProjectConfigurationPlatforms) = postSolution
		{4F8FCA34-B385-4C23-8DD0-1745803001BE}.Debug|Any CPU.ActiveCfg = Debug|Any CPU
		{4F8FCA34-B385-4C23-8DD0-1745803001BE}.Debug|Any CPU.Build.0 = Debug|Any CPU
		{4F8FCA34-B385-4C23-8DD0-1745803001BE}.Release|Any CPU.ActiveCfg = Release|Any CPU
		{4F8FCA34-B385-4C23-8DD0-1745803001BE}.Release|Any CPU.Build.0 = Release|Any CPU
	EndGlobalSection
	GlobalSection(SolutionProperties) = preSolution
		HideSolutionNode = FALSE
	EndGlobalSection
	GlobalSection(ExtensibilityGlobals) = postSolution
		SolutionGuid = {2AAB0CB4-B563-4F9E-94BD-138A3F0B593A}
	EndGlobalSection
EndGlobal
